
Microsoft Visual Studio Solution File, Format Version 12.00
# Visual Studio Version 17
VisualStudioVersion = 17.6.33801.468
MinimumVisualStudioVersion = 10.0.40219.1
Project("{FAE04EC0-301F-11D3-BF4B-00C04F79EFBC}") = "Ejercicio610180400.Android", "Ejercicio610180400\Ejercicio610180400.Android\Ejercicio610180400.Android.csproj", "{90AEE8C8-0E3D-4239-AE48-28554A8550BE}"
EndProject
Project("{FAE04EC0-301F-11D3-BF4B-00C04F79EFBC}") = "Ejercicio610180400", "Ejercicio610180400\Ejercicio610180400\Ejercicio610180400.csproj", "{3DA6471A-4207-43BE-8491-E5E9DE9F0BD0}"
EndProject
Global
	GlobalSection(SolutionConfigurationPlatforms) = preSolution
		Debug|Any CPU = Debug|Any CPU
		Release|Any CPU = Release|Any CPU
	EndGlobalSection
	GlobalSection(ProjectConfigurationPlatforms) = postSolution
		{90AEE8C8-0E3D-4239-AE48-28554A8550BE}.Debug|Any CPU.ActiveCfg = Debug|Any CPU
		{90AEE8C8-0E3D-4239-AE48-28554A8550BE}.Debug|Any CPU.Build.0 = Debug|Any CPU
		{90AEE8C8-0E3D-4239-AE48-28554A8550BE}.Debug|Any CPU.Deploy.0 = Debug|Any CPU
		{90AEE8C8-0E3D-4239-AE48-28554A8550BE}.Release|Any CPU.ActiveCfg = Release|Any CPU
		{90AEE8C8-0E3D-4239-AE48-28554A8550BE}.Release|Any CPU.Build.0 = Release|Any CPU
		{90AEE8C8-0E3D-4239-AE48-28554A8550BE}.Release|Any CPU.Deploy.0 = Release|Any CPU
		{3DA6471A-4207-43BE-8491-E5E9DE9F0BD0}.Debug|Any CPU.ActiveCfg = Debug|Any CPU
		{3DA6471A-4207-43BE-8491-E5E9DE9F0BD0}.Debug|Any CPU.Build.0 = Debug|Any CPU
		{3DA6471A-4207-43BE-8491-E5E9DE9F0BD0}.Debug|Any CPU.Deploy.0 = Debug|Any CPU
		{3DA6471A-4207-43BE-8491-E5E9DE9F0BD0}.Release|Any CPU.ActiveCfg = Release|Any CPU
		{3DA6471A-4207-43BE-8491-E5E9DE9F0BD0}.Release|Any CPU.Build.0 = Release|Any CPU
		{3DA6471A-4207-43BE-8491-E5E9DE9F0BD0}.Release|Any CPU.Deploy.0 = Release|Any CPU
	EndGlobalSection
	GlobalSection(SolutionProperties) = preSolution
		HideSolutionNode = FALSE
	EndGlobalSection
	GlobalSection(ExtensibilityGlobals) = postSolution
		SolutionGuid = {9525D017-0C19-4D1E-BA5E-FF26FB049F42}
	EndGlobalSection
EndGlobal
